
Microsoft Visual Studio Solution File, Format Version 12.00
# Visual Studio 15
VisualStudioVersion = 15.0.28010.2050
MinimumVisualStudioVersion = 10.0.40219.1
Project("{FAE04EC0-301F-11D3-BF4B-00C04F79EFBC}") = "HenchMan", "HenchMan\HenchMan.csproj", "{9F7945FC-1477-44E4-8BE4-F2524751F236}"
EndProject
Project("{FAE04EC0-301F-11D3-BF4B-00C04F79EFBC}") = "HenchMan.Libs", "HenchMan.Libs\HenchMan.Libs.csproj", "{79912EFC-31D5-4FA6-94DB-24013AF6EAF7}"
EndProject
Global
	GlobalSection(SolutionConfigurationPlatforms) = preSolution
		Debug|Any CPU = Debug|Any CPU
		Release|Any CPU = Release|Any CPU
	EndGlobalSection
	GlobalSection(ProjectConfigurationPlatforms) = postSolution
		{9F7945FC-1477-44E4-8BE4-F2524751F236}.Debug|Any CPU.ActiveCfg = Debug|Any CPU
		{9F7945FC-1477-44E4-8BE4-F2524751F236}.Debug|Any CPU.Build.0 = Debug|Any CPU
		{9F7945FC-1477-44E4-8BE4-F2524751F236}.Release|Any CPU.ActiveCfg = Release|Any CPU
		{9F7945FC-1477-44E4-8BE4-F2524751F236}.Release|Any CPU.Build.0 = Release|Any CPU
		{79912EFC-31D5-4FA6-94DB-24013AF6EAF7}.Debug|Any CPU.ActiveCfg = Debug|Any CPU
		{79912EFC-31D5-4FA6-94DB-24013AF6EAF7}.Debug|Any CPU.Build.0 = Debug|Any CPU
		{79912EFC-31D5-4FA6-94DB-24013AF6EAF7}.Release|Any CPU.ActiveCfg = Release|Any CPU
		{79912EFC-31D5-4FA6-94DB-24013AF6EAF7}.Release|Any CPU.Build.0 = Release|Any CPU
	EndGlobalSection
	GlobalSection(SolutionProperties) = preSolution
		HideSolutionNode = FALSE
	EndGlobalSection
	GlobalSection(ExtensibilityGlobals) = postSolution
		SolutionGuid = {817AFF77-D191-48F7-B697-5B8DDB36D720}
	EndGlobalSection
EndGlobal
